
Microsoft Visual Studio Solution File, Format Version 12.00
# Visual Studio Version 17
VisualStudioVersion = 17.14.37012.4 d17.14
MinimumVisualStudioVersion = 10.0.40219.1
Project("{FAE04EC0-301F-11D3-BF4B-00C04F79EFBC}") = "Gepulane_IT202NS_Lesson3Activity", "Gepulane_IT202NS_Lesson3Activity\Gepulane_IT202NS_Lesson3Activity.csproj", "{4CC82AC0-2014-4EFD-8968-B8E447F284DB}"
EndProject
Global
	GlobalSection(SolutionConfigurationPlatforms) = preSolution
		Debug|Any CPU = Debug|Any CPU
		Release|Any CPU = Release|Any CPU
	EndGlobalSection
	GlobalSection(ProjectConfigurationPlatforms) = postSolution
		{4CC82AC0-2014-4EFD-8968-B8E447F284DB}.Debug|Any CPU.ActiveCfg = Debug|Any CPU
		{4CC82AC0-2014-4EFD-8968-B8E447F284DB}.Debug|Any CPU.Build.0 = Debug|Any CPU
		{4CC82AC0-2014-4EFD-8968-B8E447F284DB}.Release|Any CPU.ActiveCfg = Release|Any CPU
		{4CC82AC0-2014-4EFD-8968-B8E447F284DB}.Release|Any CPU.Build.0 = Release|Any CPU
	EndGlobalSection
	GlobalSection(SolutionProperties) = preSolution
		HideSolutionNode = FALSE
	EndGlobalSection
	GlobalSection(ExtensibilityGlobals) = postSolution
		SolutionGuid = {029C6DB7-E115-4472-AB38-929CC86A7FD4}
	EndGlobalSection
EndGlobal
